
Microsoft Visual Studio Solution File, Format Version 12.00
# Visual Studio Version 17
VisualStudioVersion = 17.2.32526.322
MinimumVisualStudioVersion = 10.0.40219.1
Project("{9A19103F-16F7-4668-BE54-9A1E7A4F7556}") = "XMachine", "XMachine\XMachine.csproj", "{0CCF9B83-4F01-4767-8F9C-00C4035DDACA}"
EndProject
Project("{FAE04EC0-301F-11D3-BF4B-00C04F79EFBC}") = "TestProject", "TestProject\TestProject.csproj", "{787E4761-1C21-42FB-B8DB-351D4772E4CA}"
EndProject
Global
	GlobalSection(SolutionConfigurationPlatforms) = preSolution
		Debug|Any CPU = Debug|Any CPU
		Release|Any CPU = Release|Any CPU
	EndGlobalSection
	GlobalSection(ProjectConfigurationPlatforms) = postSolution
		{0CCF9B83-4F01-4767-8F9C-00C4035DDACA}.Debug|Any CPU.ActiveCfg = Debug|Any CPU
		{0CCF9B83-4F01-4767-8F9C-00C4035DDACA}.Debug|Any CPU.Build.0 = Debug|Any CPU
		{0CCF9B83-4F01-4767-8F9C-00C4035DDACA}.Release|Any CPU.ActiveCfg = Release|Any CPU
		{0CCF9B83-4F01-4767-8F9C-00C4035DDACA}.Release|Any CPU.Build.0 = Release|Any CPU
		{787E4761-1C21-42FB-B8DB-351D4772E4CA}.Debug|Any CPU.ActiveCfg = Debug|Any CPU
		{787E4761-1C21-42FB-B8DB-351D4772E4CA}.Debug|Any CPU.Build.0 = Debug|Any CPU
		{787E4761-1C21-42FB-B8DB-351D4772E4CA}.Release|Any CPU.ActiveCfg = Release|Any CPU
		{787E4761-1C21-42FB-B8DB-351D4772E4CA}.Release|Any CPU.Build.0 = Release|Any CPU
	EndGlobalSection
	GlobalSection(SolutionProperties) = preSolution
		HideSolutionNode = FALSE
	EndGlobalSection
	GlobalSection(ExtensibilityGlobals) = postSolution
		SolutionGuid = {BBB98041-BBE7-4BE2-B4FA-038998A3142B}
	EndGlobalSection
EndGlobal
